
Microsoft Visual Studio Solution File, Format Version 12.00
# Visual Studio Version 16
VisualStudioVersion = 16.0.31410.357
MinimumVisualStudioVersion = 10.0.40219.1
Project("{FAE04EC0-301F-11D3-BF4B-00C04F79EFBC}") = "PokedexConsole", "PokedexConsole.csproj", "{C1F27B50-8D37-4BD4-B6F8-1DBA972F142E}"
EndProject
Project("{FAE04EC0-301F-11D3-BF4B-00C04F79EFBC}") = "PokedexPersistance", "..\PokedexPersistance\PokedexPersistance.csproj", "{F7C01346-ABB2-466F-8CD2-08363A736111}"
EndProject
Global
	GlobalSection(SolutionConfigurationPlatforms) = preSolution
		Debug|Any CPU = Debug|Any CPU
		Release|Any CPU = Release|Any CPU
	EndGlobalSection
	GlobalSection(ProjectConfigurationPlatforms) = postSolution
		{C1F27B50-8D37-4BD4-B6F8-1DBA972F142E}.Debug|Any CPU.ActiveCfg = Debug|Any CPU
		{C1F27B50-8D37-4BD4-B6F8-1DBA972F142E}.Debug|Any CPU.Build.0 = Debug|Any CPU
		{C1F27B50-8D37-4BD4-B6F8-1DBA972F142E}.Release|Any CPU.ActiveCfg = Release|Any CPU
		{C1F27B50-8D37-4BD4-B6F8-1DBA972F142E}.Release|Any CPU.Build.0 = Release|Any CPU
		{F7C01346-ABB2-466F-8CD2-08363A736111}.Debug|Any CPU.ActiveCfg = Debug|Any CPU
		{F7C01346-ABB2-466F-8CD2-08363A736111}.Debug|Any CPU.Build.0 = Debug|Any CPU
		{F7C01346-ABB2-466F-8CD2-08363A736111}.Release|Any CPU.ActiveCfg = Release|Any CPU
		{F7C01346-ABB2-466F-8CD2-08363A736111}.Release|Any CPU.Build.0 = Release|Any CPU
	EndGlobalSection
	GlobalSection(SolutionProperties) = preSolution
		HideSolutionNode = FALSE
	EndGlobalSection
	GlobalSection(ExtensibilityGlobals) = postSolution
		SolutionGuid = {351A027F-ED2F-4665-ADDC-1E41D876B045}
	EndGlobalSection
EndGlobal
